# This file is generated by running "berry install" inside your project.
# Manual changes might be lost - proceed with caution!

__metadata:
  version: 3

"@actions/core@npm:^1.0.0":
  version: 1.0.0
  resolution: "@actions/core@npm:1.0.0"
  checksum: f9317b36e27de205bfcb4f0d00f147530eb0b375be6cd00e8c13cbc9d76c2499abb2093a341df209fba024610d9e4dcffc4f6b6abe20419364040f946b912d82
  languageName: node
  linkType: hard

"datadog-action@workspace:.":
  version: 0.0.0-use.local
  resolution: "datadog-action@workspace:."
  dependencies:
    "@actions/core": "npm:^1.0.0"
    lodash: "npm:^4.17.15"
  languageName: unknown
  linkType: soft

"lodash@npm:^4.17.15":
  version: 4.17.15
  resolution: "lodash@npm:4.17.15"
  checksum: 2d9d81b464dd29416992eb6768a1b8dc6fd8046cfa77cc2eed20247aaf3585c0d4a49b781013eb3174ef56447c8637912cf2e06af926745252ac28836d2fd6db
  languageName: node
  linkType: hard
